{
    "_meta": {
        "hash": {
            "sha256": "72eb498c37e965ca695504783cde4a063de93a35bb6011f6e9042a2b0d2669ae"
        },
        "pipfile-spec": 6,
        "requires": {
            "python_version": "3.11"
        },
        "sources": [
            {
                "name": "pypi",
                "url": "https://pypi.org/simple",
                "verify_ssl": true
            }
        ]
    },
    "default": {
        "annotated-types": {
            "hashes": [
                "sha256:1f02e8b43a8fbbc3f3e0d4f0f4bfc8131bcb4eebe8849b8e5c773f3a1c582a53",
                "sha256:aff07c09a53a08bc8cfccb9c85b05f1aa9a2a6f23728d790723543408344ce89"
            ],
            "markers": "python_version >= '3.8'",
            "version": "==0.7.0"
        },
        "asgiref": {
            "hashes": [
                "sha256:3e1e3ecc849832fe52ccf2cb6686b7a55f82bb1d6aee72a58826471390335e47",
                "sha256:c343bd80a0bec947a9860adb4c432ffa7db769836c64238fc34bdc3fec84d590"
            ],
            "markers": "python_version >= '3.8'",
            "version": "==3.8.1"
        },
        "async-timeout": {
            "hashes": [
                "sha256:39e3809566ff85354557ec2398b55e096c8364bacac9405a7a1fa429e77fe76c",
                "sha256:d9321a7a3d5a6a5e187e824d2fa0793ce379a202935782d555d6e9d2735677d3"
            ],
            "markers": "python_version >= '3.8'",
            "version": "==5.0.1"
        },
        "channels": {
            "hashes": [
                "sha256:8d7208e48ab8fdb972aaeae8311ce920637d97656ffc7ae5eca4f93f84bcd9a0",
                "sha256:ff36a6e1576cacf40bcdc615fa7aece7a709fc4fdd2dc87f2971f4061ffdaa81"
            ],
            "index": "pypi",
            "markers": "python_version >= '3.8'",
            "version": "==4.2.2"
        },
        "channels-redis": {
            "hashes": [
                "sha256:2ca33105b3a04b5a327a9c47dd762b546f30b76a0cd3f3f593a23d91d346b6f4",
                "sha256:8375e81493e684792efe6e6eca60ef3d7782ef76c6664057d2e5c31e80d636dd"
            ],
            "index": "pypi",
            "markers": "python_version >= '3.8'",
            "version": "==4.2.1"
        },
        "django": {
            "hashes": [
                "sha256:8363ac062bb4ef7c3f12d078f6fa5d154031d129a15170a1066412af49d30905",
                "sha256:ff1b61005004e476e0aeea47c7f79b85864c70124030e95146315396f1e7951f"
            ],
            "index": "pypi",
            "markers": "python_version >= '3.10'",
            "version": "==5.0.6"
        },
        "django-cors-headers": {
            "hashes": [
                "sha256:0b1fd19297e37417fc9f835d39e45c8c642938ddba1acce0c1753d3edef04f36",
                "sha256:0bf65ef45e606aff1994d35503e6b677c0b26cafff6506f8fd7187f3be840207"
            ],
            "index": "pypi",
            "markers": "python_version >= '3.8'",
            "version": "==4.3.1"
        },
        "django-ninja": {
            "hashes": [
                "sha256:6330c3497061d9fd1f43c1200f85c13aab7687110e2899f8304e5aa476c10b44",
                "sha256:87bff046416a2653ed2fbef1408e101292bf8170684821bac82accfd73bef059"
            ],
            "index": "pypi",
            "markers": "python_version >= '3.7'",
            "version": "==1.1.0"
        },
        "msgpack": {
            "hashes": [
                "sha256:06f5fd2f6bb2a7914922d935d3b8bb4a7fff3a9a91cfce6d06c13bc42bec975b",
                "sha256:071603e2f0771c45ad9bc65719291c568d4edf120b44eb36324dcb02a13bfddf",
                "sha256:0907e1a7119b337971a689153665764adc34e89175f9a34793307d9def08e6ca",
                "sha256:0f92a83b84e7c0749e3f12821949d79485971f087604178026085f60ce109330",
                "sha256:115a7af8ee9e8cddc10f87636767857e7e3717b7a2e97379dc2054712693e90f",
                "sha256:13599f8829cfbe0158f6456374e9eea9f44eee08076291771d8ae93eda56607f",
                "sha256:17fb65dd0bec285907f68b15734a993ad3fc94332b5bb21b0435846228de1f39",
                "sha256:2137773500afa5494a61b1208619e3871f75f27b03bcfca7b3a7023284140247",
                "sha256:3180065ec2abbe13a4ad37688b61b99d7f9e012a535b930e0e683ad6bc30155b",
                "sha256:398b713459fea610861c8a7b62a6fec1882759f308ae0795b5413ff6a160cf3c",
                "sha256:3d364a55082fb2a7416f6c63ae383fbd903adb5a6cf78c5b96cc6316dc1cedc7",
                "sha256:3df7e6b05571b3814361e8464f9304c42d2196808e0119f55d0d3e62cd5ea044",
                "sha256:41c991beebf175faf352fb940bf2af9ad1fb77fd25f38d9142053914947cdbf6",
                "sha256:42f754515e0f683f9c79210a5d1cad631ec3d06cea5172214d2176a42e67e19b",
                "sha256:452aff037287acb1d70a804ffd022b21fa2bb7c46bee884dbc864cc9024128a0",
                "sha256:4676e5be1b472909b2ee6356ff425ebedf5142427842aa06b4dfd5117d1ca8a2",
                "sha256:46c34e99110762a76e3911fc923222472c9d681f1094096ac4102c18319e6468",
                "sha256:471e27a5787a2e3f974ba023f9e265a8c7cfd373632247deb225617e3100a3c7",
                "sha256:4a1964df7b81285d00a84da4e70cb1383f2e665e0f1f2a7027e683956d04b734",
                "sha256:4b51405e36e075193bc051315dbf29168d6141ae2500ba8cd80a522964e31434",
                "sha256:4d1b7ff2d6146e16e8bd665ac726a89c74163ef8cd39fa8c1087d4e52d3a2325",
                "sha256:53258eeb7a80fc46f62fd59c876957a2d0e15e6449a9e71842b6d24419d88ca1",
                "sha256:534480ee5690ab3cbed89d4c8971a5c631b69a8c0883ecfea96c19118510c846",
                "sha256:58638690ebd0a06427c5fe1a227bb6b8b9fdc2bd07701bec13c2335c82131a88",
                "sha256:58dfc47f8b102da61e8949708b3eafc3504509a5728f8b4ddef84bd9e16ad420",
                "sha256:59caf6a4ed0d164055ccff8fe31eddc0ebc07cf7326a2aaa0dbf7a4001cd823e",
                "sha256:5dbad74103df937e1325cc4bfeaf57713be0b4f15e1c2da43ccdd836393e2ea2",
                "sha256:5e1da8f11a3dd397f0a32c76165cf0c4eb95b31013a94f6ecc0b280c05c91b59",
                "sha256:646afc8102935a388ffc3914b336d22d1c2d6209c773f3eb5dd4d6d3b6f8c1cb",
                "sha256:64fc9068d701233effd61b19efb1485587560b66fe57b3e50d29c5d78e7fef68",
                "sha256:65553c9b6da8166e819a6aa90ad15288599b340f91d18f60b2061f402b9a4915",
                "sha256:685ec345eefc757a7c8af44a3032734a739f8c45d1b0ac45efc5d8977aa4720f",
                "sha256:6ad622bf7756d5a497d5b6836e7fc3752e2dd6f4c648e24b1803f6048596f701",
                "sha256:73322a6cc57fcee3c0c57c4463d828e9428275fb85a27aa2aa1a92fdc42afd7b",
                "sha256:74bed8f63f8f14d75eec75cf3d04ad581da6b914001b474a5d3cd3372c8cc27d",
                "sha256:79ec007767b9b56860e0372085f8504db5d06bd6a327a335449508bbee9648fa",
                "sha256:7a946a8992941fea80ed4beae6bff74ffd7ee129a90b4dd5cf9c476a30e9708d",
                "sha256:7ad442d527a7e358a469faf43fda45aaf4ac3249c8310a82f0ccff9164e5dccd",
                "sha256:7c9a35ce2c2573bada929e0b7b3576de647b0defbd25f5139dcdaba0ae35a4cc",
                "sha256:7e7b853bbc44fb03fbdba34feb4bd414322180135e2cb5164f20ce1c9795ee48",
                "sha256:879a7b7b0ad82481c52d3c7eb99bf6f0645dbdec5134a4bddbd16f3506947feb",
                "sha256:8a706d1e74dd3dea05cb54580d9bd8b2880e9264856ce5068027eed09680aa74",
                "sha256:8a84efb768fb968381e525eeeb3d92857e4985aacc39f3c47ffd00eb4509315b",
                "sha256:8cf9e8c3a2153934a23ac160cc4cba0ec035f6867c8013cc6077a79823370346",
                "sha256:8da4bf6d54ceed70e8861f833f83ce0814a2b72102e890cbdfe4b34764cdd66e",
                "sha256:8e59bca908d9ca0de3dc8684f21ebf9a690fe47b6be93236eb40b99af28b6ea6",
                "sha256:914571a2a5b4e7606997e169f64ce53a8b1e06f2cf2c3a7273aa106236d43dd5",
                "sha256:a51abd48c6d8ac89e0cfd4fe177c61481aca2d5e7ba42044fd218cfd8ea9899f",
                "sha256:a52a1f3a5af7ba1c9ace055b659189f6c669cf3657095b50f9602af3a3ba0fe5",
                "sha256:ad33e8400e4ec17ba782f7b9cf868977d867ed784a1f5f2ab46e7ba53b6e1e1b",
                "sha256:b4c01941fd2ff87c2a934ee6055bda4ed353a7846b8d4f341c428109e9fcde8c",
                "sha256:bce7d9e614a04d0883af0b3d4d501171fbfca038f12c77fa838d9f198147a23f",
                "sha256:c40ffa9a15d74e05ba1fe2681ea33b9caffd886675412612d93ab17b58ea2fec",
                "sha256:c5a91481a3cc573ac8c0d9aace09345d989dc4a0202b7fcb312c88c26d4e71a8",
                "sha256:c921af52214dcbb75e6bdf6a661b23c3e6417f00c603dd2070bccb5c3ef499f5",
                "sha256:d46cf9e3705ea9485687aa4001a76e44748b609d260af21c4ceea7f2212a501d",
                "sha256:d8ce0b22b890be5d252de90d0e0d119f363012027cf256185fc3d474c44b1b9e",
                "sha256:dd432ccc2c72b914e4cb77afce64aab761c1137cc698be3984eee260bcb2896e",
                "sha256:e0856a2b7e8dcb874be44fea031d22e5b3a19121be92a1e098f46068a11b0870",
                "sha256:e1f3c3d21f7cf67bcf2da8e494d30a75e4cf60041d98b3f79875afb5b96f3a3f",
                "sha256:f1ba6136e650898082d9d5a5217d5906d1e138024f836ff48691784bbe1adf96",
                "sha256:f3e9b4936df53b970513eac1758f3882c88658a220b58dcc1e39606dccaaf01c",
                "sha256:f80bc7d47f76089633763f952e67f8214cb7b3ee6bfa489b3cb6a84cfac114cd",
                "sha256:fd2906780f25c8ed5d7b323379f6138524ba793428db5d0e9d226d3fa6aa1788"
            ],
            "markers": "python_version >= '3.8'",
            "version": "==1.1.0"
        },
        "pydantic": {
            "hashes": [
                "sha256:71b2945998f9c9b7919a45bde9a50397b289937d215ae141c1d0903ba7149fd7",
                "sha256:834ab954175f94e6e68258537dc49402c4a5e9d0409b9f1b86b7e934a8372de7"
            ],
            "index": "pypi",
            "markers": "python_version >= '3.8'",
            "version": "==2.7.2"
        },
        "pydantic-core": {
            "hashes": [
                "sha256:0bee9bb305a562f8b9271855afb6ce00223f545de3d68560b3c1649c7c5295e9",
                "sha256:0ecce4b2360aa3f008da3327d652e74a0e743908eac306198b47e1c58b03dd2b",
                "sha256:17954d784bf8abfc0ec2a633108207ebc4fa2df1a0e4c0c3ccbaa9bb01d2c426",
                "sha256:19d2e725de0f90d8671f89e420d36c3dd97639b98145e42fcc0e1f6d492a46dc",
                "sha256:1f9cd7f5635b719939019be9bda47ecb56e165e51dd26c9a217a433e3d0d59a9",
                "sha256:200ad4e3133cb99ed82342a101a5abf3d924722e71cd581cc113fe828f727fbc",
                "sha256:24b214b7ee3bd3b865e963dbed0f8bc5375f49449d70e8d407b567af3222aae4",
                "sha256:2c44efdd3b6125419c28821590d7ec891c9cb0dff33a7a78d9d5c8b6f66b9702",
                "sha256:2c8333f6e934733483c7eddffdb094c143b9463d2af7e6bd85ebcb2d4a1b82c6",
                "sha256:2f7ef5f0ebb77ba24c9970da18b771711edc5feaf00c10b18461e0f5f5949231",
                "sha256:304378b7bf92206036c8ddd83a2ba7b7d1a5b425acafff637172a3aa72ad7083",
                "sha256:370059b7883485c9edb9655355ff46d912f4b03b009d929220d9294c7fd9fd60",
                "sha256:37b40c05ced1ba4218b14986fe6f283d22e1ae2ff4c8e28881a70fb81fbfcda7",
                "sha256:3d3e42bb54e7e9d72c13ce112e02eb1b3b55681ee948d748842171201a03a98a",
                "sha256:3fc1c7f67f34c6c2ef9c213e0f2a351797cda98249d9ca56a70ce4ebcaba45f4",
                "sha256:41dbdcb0c7252b58fa931fec47937edb422c9cb22528f41cb8963665c372caf6",
                "sha256:432e999088d85c8f36b9a3f769a8e2b57aabd817bbb729a90d1fe7f18f6f1f39",
                "sha256:45e4ffbae34f7ae30d0047697e724e534a7ec0a82ef9994b7913a412c21462a0",
                "sha256:4afa5f5973e8572b5c0dcb4e2d4fda7890e7cd63329bd5cc3263a25c92ef0026",
                "sha256:544a9a75622357076efb6b311983ff190fbfb3c12fc3a853122b34d3d358126c",
                "sha256:5560dda746c44b48bf82b3d191d74fe8efc5686a9ef18e69bdabccbbb9ad9442",
                "sha256:58ff8631dbab6c7c982e6425da8347108449321f61fe427c52ddfadd66642af7",
                "sha256:5a64faeedfd8254f05f5cf6fc755023a7e1606af3959cfc1a9285744cc711044",
                "sha256:60e4c625e6f7155d7d0dcac151edf5858102bc61bf959d04469ca6ee4e8381bd",
                "sha256:616221a6d473c5b9aa83fa8982745441f6a4a62a66436be9445c65f241b86c94",
                "sha256:63081a49dddc6124754b32a3774331467bfc3d2bd5ff8f10df36a95602560361",
                "sha256:666e45cf071669fde468886654742fa10b0e74cd0fa0430a46ba6056b24fb0af",
                "sha256:67bc078025d70ec5aefe6200ef094576c9d86bd36982df1301c758a9fff7d7f4",
                "sha256:691018785779766127f531674fa82bb368df5b36b461622b12e176c18e119022",
                "sha256:6a36f78674cbddc165abab0df961b5f96b14461d05feec5e1f78da58808b97e7",
                "sha256:6afd5c867a74c4d314c557b5ea9520183fadfbd1df4c2d6e09fd0d990ce412cd",
                "sha256:6b32c2a1f8032570842257e4c19288eba9a2bba4712af542327de9a1204faff8",
                "sha256:6e59fca51ffbdd1638b3856779342ed69bcecb8484c1d4b8bdb237d0eb5a45e2",
                "sha256:70cf099197d6b98953468461d753563b28e73cf1eade2ffe069675d2657ed1d5",
                "sha256:73038d66614d2e5cde30435b5afdced2b473b4c77d4ca3a8624dd3e41a9c19be",
                "sha256:744697428fcdec6be5670460b578161d1ffe34743a5c15656be7ea82b008197c",
                "sha256:77319771a026f7c7d29c6ebc623de889e9563b7087911b46fd06c044a12aa5e9",
                "sha256:7a20dded653e516a4655f4c98e97ccafb13753987434fe7cf044aa25f5b7d417",
                "sha256:7e6382ce89a92bc1d0c0c5edd51e931432202b9080dc921d8d003e616402efd1",
                "sha256:7fdd362f6a586e681ff86550b2379e532fee63c52def1c666887956748eaa326",
                "sha256:80aea0ffeb1049336043d07799eace1c9602519fb3192916ff525b0287b2b1e4",
                "sha256:82f2718430098bcdf60402136c845e4126a189959d103900ebabb6774a5d9fdb",
                "sha256:855ec66589c68aa367d989da5c4755bb74ee92ccad4fdb6af942c3612c067e34",
                "sha256:9128089da8f4fe73f7a91973895ebf2502539d627891a14034e45fb9e707e26d",
                "sha256:929c24e9dea3990bc8bcd27c5f2d3916c0c86f5511d2caa69e0d5290115344a9",
                "sha256:98ed737567d8f2ecd54f7c8d4f8572ca7c7921ede93a2e52939416170d357812",
                "sha256:9a46795b1f3beb167eaee91736d5d17ac3a994bf2215a996aed825a45f897558",
                "sha256:9f9e04afebd3ed8c15d67a564ed0a34b54e52136c6d40d14c5547b238390e779",
                "sha256:a4e651e47d981c1b701dcc74ab8fec5a60a5b004650416b4abbef13db23bc7be",
                "sha256:a62e437d687cc148381bdd5f51e3e81f5b20a735c55f690c5be94e05da2b0d5c",
                "sha256:aaee40f25bba38132e655ffa3d1998a6d576ba7cf81deff8bfa189fb43fd2bbe",
                "sha256:adf952c3f4100e203cbaf8e0c907c835d3e28f9041474e52b651761dc248a3c0",
                "sha256:b367a73a414bbb08507da102dc2cde0fa7afe57d09b3240ce82a16d608a7679c",
                "sha256:b8e20e15d18bf7dbb453be78a2d858f946f5cdf06c5072453dace00ab652e2b2",
                "sha256:b95a0972fac2b1ff3c94629fc9081b16371dad870959f1408cc33b2f78ad347a",
                "sha256:b9ebe8231726c49518b16b237b9fe0d7d361dd221302af511a83d4ada01183ab",
                "sha256:ba905d184f62e7ddbb7a5a751d8a5c805463511c7b08d1aca4a3e8c11f2e5048",
                "sha256:bd4435b8d83f0c9561a2a9585b1de78f1abb17cb0cef5f39bf6a4b47d19bafe3",
                "sha256:bd7df92f28d351bb9f12470f4c533cf03d1b52ec5a6e5c58c65b183055a60106",
                "sha256:c0037a92cf0c580ed14e10953cdd26528e8796307bb8bb312dc65f71547df04d",
                "sha256:c0d9ff283cd3459fa0bf9b0256a2b6f01ac1ff9ffb034e24457b9035f75587cb",
                "sha256:c56eca1686539fa0c9bda992e7bd6a37583f20083c37590413381acfc5f192d6",
                "sha256:c6ac9ffccc9d2e69d9fba841441d4259cb668ac180e51b30d3632cd7abca2b9b",
                "sha256:c826870b277143e701c9ccf34ebc33ddb4d072612683a044e7cce2d52f6c3fef",
                "sha256:cd4a032bb65cc132cae1fe3e52877daecc2097965cd3914e44fbd12b00dae7c5",
                "sha256:d33ce258e4e6e6038f2b9e8b8a631d17d017567db43483314993b3ca345dcbbb",
                "sha256:d531076bdfb65af593326ffd567e6ab3da145020dafb9187a1d131064a55f97c",
                "sha256:dccf3ef1400390ddd1fb55bf0632209d39140552d068ee5ac45553b556780e06",
                "sha256:df11fa992e9f576473038510d66dd305bcd51d7dd508c163a8c8fe148454e059",
                "sha256:e1a8376fef60790152564b0eab376b3e23dd6e54f29d84aad46f7b264ecca943",
                "sha256:e201935d282707394f3668380e41ccf25b5794d1b131cdd96b07f615a33ca4b1",
                "sha256:e2e253af04ceaebde8eb201eb3f3e3e7e390f2d275a88300d6a1959d710539e2",
                "sha256:e862823be114387257dacbfa7d78547165a85d7add33b446ca4f4fae92c7ff5c",
                "sha256:eecf63195be644b0396f972c82598cd15693550f0ff236dcf7ab92e2eb6d3522",
                "sha256:f0928cde2ae416a2d1ebe6dee324709c6f73e93494d8c7aea92df99aab1fc40f",
                "sha256:f9c08cabff68704a1b4667d33f534d544b8a07b8e5d039c37067fceb18789e78",
                "sha256:fec02527e1e03257aa25b1a4dcbe697b40a22f1229f5d026503e8b7ff6d2eda7",
                "sha256:ff58f379345603d940e461eae474b6bbb6dab66ed9a851ecd3cb3709bf4dcf6a",
                "sha256:ffecbb5edb7f5ffae13599aec33b735e9e4c7676ca1633c60f2c606beb17efc5"
            ],
            "markers": "python_version >= '3.8'",
            "version": "==2.18.3"
        },
        "pyjwt": {
            "hashes": [
                "sha256:69285c7e31fc44f68a1feb309e948e0df53259d579295e6cfe2b1792329f05fd",
                "sha256:d83c3d892a77bbb74d3e1a2cfa90afaadb60945205d1095d9221f04466f64c14"
            ],
            "index": "pypi",
            "markers": "python_version >= '3.7'",
            "version": "==2.6.0"
        },
        "python-dotenv": {
            "hashes": [
                "sha256:41f90bc6f5f177fb41f53e87666db362025010eb28f60a01c9143bfa33a2b2d5",
                "sha256:d7c01d9e2293916c18baf562d95698754b0dbbb5e74d457c45d4f6561fb9d55d"
            ],
            "index": "pypi",
            "markers": "python_version >= '3.9'",
            "version": "==1.1.0"
        },
        "redis": {
            "hashes": [
                "sha256:16f2e22dff21d5125e8481515e386711a34cbec50f0e44413dd7d9c060a54e0f",
                "sha256:ee7e1056b9aea0f04c6c2ed59452947f34c4940ee025f5dd83e6a6418b6989e4"
            ],
            "markers": "python_version >= '3.8'",
            "version": "==5.2.1"
        },
        "sqlparse": {
            "hashes": [
                "sha256:09f67787f56a0b16ecdbde1bfc7f5d9c3371ca683cfeaa8e6ff60b4807ec9272",
                "sha256:cf2196ed3418f3ba5de6af7e82c694a9fbdbfecccdfc72e281548517081f16ca"
            ],
            "markers": "python_version >= '3.8'",
            "version": "==0.5.3"
        },
        "typing-extensions": {
            "hashes": [
                "sha256:6024b58b69089e5a89c347397254e35f1bf02a907728ec7fee9bf0fe837d203a",
                "sha256:915f5e35ff76f56588223f15fdd5938f9a1cf9195c0de25130c627e4d597f6d1"
            ],
            "markers": "python_version >= '3.8'",
            "version": "==4.12.1"
        },
        "tzdata": {
            "hashes": [
                "sha256:2674120f8d891909751c38abcdfd386ac0a5a1127954fbc332af6b5ceae07efd",
                "sha256:9068bc196136463f5245e51efda838afa15aaeca9903f49050dfa2679db4d252"
            ],
            "markers": "sys_platform == 'win32'",
            "version": "==2024.1"
        },
        "websockets": {
            "hashes": [
                "sha256:0701bc3cfcb9164d04a14b149fd74be7347a530ad3bbf15ab2c678a2cd3dd9a2",
                "sha256:0a34631031a8f05657e8e90903e656959234f3a04552259458aac0b0f9ae6fd9",
                "sha256:0af68c55afbd5f07986df82831c7bff04846928ea8d1fd7f30052638788bc9b5",
                "sha256:0c9e74d766f2818bb95f84c25be4dea09841ac0f734d1966f415e4edfc4ef1c3",
                "sha256:0f3c1e2ab208db911594ae5b4f79addeb3501604a165019dd221c0bdcabe4db8",
                "sha256:0fdfe3e2a29e4db3659dbd5bbf04560cea53dd9610273917799f1cde46aa725e",
                "sha256:1009ee0c7739c08a0cd59de430d6de452a55e42d6b522de7aa15e6f67db0b8e1",
                "sha256:1234d4ef35db82f5446dca8e35a7da7964d02c127b095e172e54397fb6a6c256",
                "sha256:16b6c1b3e57799b9d38427dda63edcbe4926352c47cf88588c0be4ace18dac85",
                "sha256:2034693ad3097d5355bfdacfffcbd3ef5694f9718ab7f29c29689a9eae841880",
                "sha256:21c1fa28a6a7e3cbdc171c694398b6df4744613ce9b36b1a498e816787e28123",
                "sha256:229cf1d3ca6c1804400b0a9790dc66528e08a6a1feec0d5040e8b9eb14422375",
                "sha256:27ccee0071a0e75d22cb35849b1db43f2ecd3e161041ac1ee9d2352ddf72f065",
                "sha256:363c6f671b761efcb30608d24925a382497c12c506b51661883c3e22337265ed",
                "sha256:39c1fec2c11dc8d89bba6b2bf1556af381611a173ac2b511cf7231622058af41",
                "sha256:3b1ac0d3e594bf121308112697cf4b32be538fb1444468fb0a6ae4feebc83411",
                "sha256:3be571a8b5afed347da347bfcf27ba12b069d9d7f42cb8c7028b5e98bbb12597",
                "sha256:3c714d2fc58b5ca3e285461a4cc0c9a66bd0e24c5da9911e30158286c9b5be7f",
                "sha256:3d00075aa65772e7ce9e990cab3ff1de702aa09be3940d1dc88d5abf1ab8a09c",
                "sha256:3e90baa811a5d73f3ca0bcbf32064d663ed81318ab225ee4f427ad4e26e5aff3",
                "sha256:47819cea040f31d670cc8d324bb6435c6f133b8c7a19ec3d61634e62f8d8f9eb",
                "sha256:47b099e1f4fbc95b701b6e85768e1fcdaf1630f3cbe4765fa216596f12310e2e",
                "sha256:4a9fac8e469d04ce6c25bb2610dc535235bd4aa14996b4e6dbebf5e007eba5ee",
                "sha256:4b826973a4a2ae47ba357e4e82fa44a463b8f168e1ca775ac64521442b19e87f",
                "sha256:4c2529b320eb9e35af0fa3016c187dffb84a3ecc572bcee7c3ce302bfeba52bf",
                "sha256:54479983bd5fb469c38f2f5c7e3a24f9a4e70594cd68cd1fa6b9340dadaff7cf",
                "sha256:558d023b3df0bffe50a04e710bc87742de35060580a293c2a984299ed83bc4e4",
                "sha256:5756779642579d902eed757b21b0164cd6fe338506a8083eb58af5c372e39d9a",
                "sha256:592f1a9fe869c778694f0aa806ba0374e97648ab57936f092fd9d87f8bc03665",
                "sha256:595b6c3969023ecf9041b2936ac3827e4623bfa3ccf007575f04c5a6aa318c22",
                "sha256:5a939de6b7b4e18ca683218320fc67ea886038265fd1ed30173f5ce3f8e85675",
                "sha256:5d54b09eba2bada6011aea5375542a157637b91029687eb4fdb2dab11059c1b4",
                "sha256:5df592cd503496351d6dc14f7cdad49f268d8e618f80dce0cd5a36b93c3fc08d",
                "sha256:5f4c04ead5aed67c8a1a20491d54cdfba5884507a48dd798ecaf13c74c4489f5",
                "sha256:64dee438fed052b52e4f98f76c5790513235efaa1ef7f3f2192c392cd7c91b65",
                "sha256:66dd88c918e3287efc22409d426c8f729688d89a0c587c88971a0faa2c2f3792",
                "sha256:678999709e68425ae2593acf2e3ebcbcf2e69885a5ee78f9eb80e6e371f1bf57",
                "sha256:67f2b6de947f8c757db2db9c71527933ad0019737ec374a8a6be9a956786aaf9",
                "sha256:693f0192126df6c2327cce3baa7c06f2a117575e32ab2308f7f8216c29d9e2e3",
                "sha256:746ee8dba912cd6fc889a8147168991d50ed70447bf18bcda7039f7d2e3d9151",
                "sha256:756c56e867a90fb00177d530dca4b097dd753cde348448a1012ed6c5131f8b7d",
                "sha256:76d1f20b1c7a2fa82367e04982e708723ba0e7b8d43aa643d3dcd404d74f1475",
                "sha256:7f493881579c90fc262d9cdbaa05a6b54b3811c2f300766748db79f098db9940",
                "sha256:823c248b690b2fd9303ba00c4f66cd5e2d8c3ba4aa968b2779be9532a4dad431",
                "sha256:82544de02076bafba038ce055ee6412d68da13ab47f0c60cab827346de828dee",
                "sha256:8dd8327c795b3e3f219760fa603dcae1dcc148172290a8ab15158cf85a953413",
                "sha256:8fdc51055e6ff4adeb88d58a11042ec9a5eae317a0a53d12c062c8a8865909e8",
                "sha256:a625e06551975f4b7ea7102bc43895b90742746797e2e14b70ed61c43a90f09b",
                "sha256:abdc0c6c8c648b4805c5eacd131910d2a7f6455dfd3becab248ef108e89ab16a",
                "sha256:ac017dd64572e5c3bd01939121e4d16cf30e5d7e110a119399cf3133b63ad054",
                "sha256:ac1e5c9054fe23226fb11e05a6e630837f074174c4c2f0fe442996112a6de4fb",
                "sha256:ac60e3b188ec7574cb761b08d50fcedf9d77f1530352db4eef1707fe9dee7205",
                "sha256:b359ed09954d7c18bbc1680f380c7301f92c60bf924171629c5db97febb12f04",
                "sha256:b7643a03db5c95c799b89b31c036d5f27eeb4d259c798e878d6937d71832b1e4",
                "sha256:ba9e56e8ceeeedb2e080147ba85ffcd5cd0711b89576b83784d8605a7df455fa",
                "sha256:c338ffa0520bdb12fbc527265235639fb76e7bc7faafbb93f6ba80d9c06578a9",
                "sha256:cad21560da69f4ce7658ca2cb83138fb4cf695a2ba3e475e0559e05991aa8122",
                "sha256:d08eb4c2b7d6c41da6ca0600c077e93f5adcfd979cd777d747e9ee624556da4b",
                "sha256:d50fd1ee42388dcfb2b3676132c78116490976f1300da28eb629272d5d93e905",
                "sha256:d591f8de75824cbb7acad4e05d2d710484f15f29d4a915092675ad3456f11770",
                "sha256:d5f6b181bb38171a8ad1d6aa58a67a6aa9d4b38d0f8c5f496b9e42561dfc62fe",
                "sha256:d63efaa0cd96cf0c5fe4d581521d9fa87744540d4bc999ae6e08595a1014b45b",
                "sha256:d99e5546bf73dbad5bf3547174cd6cb8ba7273062a23808ffea025ecb1cf8562",
                "sha256:e09473f095a819042ecb2ab9465aee615bd9c2028e4ef7d933600a8401c79561",
                "sha256:e8b56bdcdb4505c8078cb6c7157d9811a85790f2f2b3632c7d1462ab5783d215",
                "sha256:ee443ef070bb3b6ed74514f5efaa37a252af57c90eb33b956d35c8e9c10a1931",
                "sha256:f29d80eb9a9263b8d109135351caf568cc3f80b9928bccde535c235de55c22d9",
                "sha256:f7a866fbc1e97b5c617ee4116daaa09b722101d4a3c170c787450ba409f9736f",
                "sha256:fcd5cf9e305d7b8338754470cf69cf81f420459dbae8a3b40cee57417f4614a7"
            ],
            "index": "pypi",
            "markers": "python_version >= '3.9'",
            "version": "==15.0.1"
        }
    },
    "develop": {
        "ruff": {
            "hashes": [
                "sha256:07fc80bbb61e42b3b23b10fda6a2a0f5a067f810180a3760c5ef1b456c21b9db",
                "sha256:10f2204b9a613988e3484194c2c9e96a22079206b22b787605c255f130db5ed7",
                "sha256:10f973d521d910e5f9c72ab27e409e839089f955be8a4c8826601a6323a89753",
                "sha256:13a1768b0691619822ae6d446132dbdfd568b700ecd3652b20d4e8bc1e498f78",
                "sha256:2331d2b051dc77a289a653fcc6a42cce357087c5975738157cd966590b18b5e1",
                "sha256:50e9651578b629baec3d1513b2534de0ac7ed7753e1382272b8d609997e27e83",
                "sha256:59c3d110970001dfa494bcd95478e62286c751126dfb15c3c46e7915fc49694f",
                "sha256:769e5a51df61e07e887b81e6f039e7ed3573316ab7dd9f635c5afaa310e4030e",
                "sha256:8874a9df7766cb956b218a0a239e0a5d23d9e843e4da1e113ae1d27ee420877a",
                "sha256:9e3ab684ad403a9ed1226894c32c3ab9c2e0718440f6f50c7c5829932bc9e054",
                "sha256:a7c0083febdec17571455903b184a10026603a1de078428ba155e7ce9358c5f6",
                "sha256:ad1b20e66a44057c326168437d680a2166c177c939346b19c0d6b08a62a37589",
                "sha256:b9de9a6e49f7d529decd09381c0860c3f82fa0b0ea00ea78409b785d2308a567",
                "sha256:cbf5d818553add7511c38b05532d94a407f499d1a76ebb0cad0374e32bc67202",
                "sha256:e089371c67892a73b6bb1525608e89a2aca1b77b5440acf7a71dda5dac958f9e",
                "sha256:fa4dafe3fe66d90e2e2b63fa1591dd6e3f090ca2128daa0be33db894e6c18648",
                "sha256:fa9773c6c00f4958f73b317bc0fd125295110c3776089f6ef318f4b775f0abe4"
            ],
            "index": "pypi",
            "markers": "python_version >= '3.7'",
            "version": "==0.4.7"
        }
    }
}
